
Microsoft Visual Studio Solution File, Format Version 11.00
# Visual Studio 2010
Project("{FAE04EC0-301F-11D3-BF4B-00C04F79EFBC}") = "Domain2Host", "Domain2Host\Domain2Host.csproj", "{C2AB8301-87E0-4EE1-82D9-BCF2082EAA85}"
EndProject
Global
	GlobalSection(SolutionConfigurationPlatforms) = preSolution
		Debug|Any CPU = Debug|Any CPU
		Release|Any CPU = Release|Any CPU
	EndGlobalSection
	GlobalSection(ProjectConfigurationPlatforms) = postSolution
		{C2AB8301-87E0-4EE1-82D9-BCF2082EAA85}.Debug|Any CPU.ActiveCfg = Debug|Any CPU
		{C2AB8301-87E0-4EE1-82D9-BCF2082EAA85}.Debug|Any CPU.Build.0 = Debug|Any CPU
		{C2AB8301-87E0-4EE1-82D9-BCF2082EAA85}.Release|Any CPU.ActiveCfg = Release|Any CPU
		{C2AB8301-87E0-4EE1-82D9-BCF2082EAA85}.Release|Any CPU.Build.0 = Release|Any CPU
	EndGlobalSection
	GlobalSection(SolutionProperties) = preSolution
		HideSolutionNode = FALSE
	EndGlobalSection
EndGlobal
